
Microsoft Visual Studio Solution File, Format Version 12.00
# Visual Studio 15
VisualStudioVersion = 15.0.27004.2009
MinimumVisualStudioVersion = 10.0.40219.1
Project("{FAE04EC0-301F-11D3-BF4B-00C04F79EFBC}") = "WpfApp1", "WpfApp1\WpfApp1.csproj", "{13DC59C7-05BE-4649-BD32-FE3A29D64ABE}"
EndProject
Global
	GlobalSection(SolutionConfigurationPlatforms) = preSolution
		Debug|Any CPU = Debug|Any CPU
		Release|Any CPU = Release|Any CPU
	EndGlobalSection
	GlobalSection(ProjectConfigurationPlatforms) = postSolution
		{13DC59C7-05BE-4649-BD32-FE3A29D64ABE}.Debug|Any CPU.ActiveCfg = Debug|Any CPU
		{13DC59C7-05BE-4649-BD32-FE3A29D64ABE}.Debug|Any CPU.Build.0 = Debug|Any CPU
		{13DC59C7-05BE-4649-BD32-FE3A29D64ABE}.Release|Any CPU.ActiveCfg = Release|Any CPU
		{13DC59C7-05BE-4649-BD32-FE3A29D64ABE}.Release|Any CPU.Build.0 = Release|Any CPU
	EndGlobalSection
	GlobalSection(SolutionProperties) = preSolution
		HideSolutionNode = FALSE
	EndGlobalSection
	GlobalSection(ExtensibilityGlobals) = postSolution
		SolutionGuid = {386342EC-3693-4DBA-927A-F26C8C4D96D3}
	EndGlobalSection
EndGlobal
